
Microsoft Visual Studio Solution File, Format Version 12.00
Project("{FAE04EC0-301F-11D3-BF4B-00C04F79EFBC}") = "AsyncOperationsPOC", "AsyncOperationsPOC\AsyncOperationsPOC.csproj", "{7AA4A193-A658-40B2-9220-6E9EC4D4F195}"
EndProject
Project("{FAE04EC0-301F-11D3-BF4B-00C04F79EFBC}") = "AvoidUsingVoid", "AvoidUsingVoid\AvoidUsingVoid.csproj", "{C396D92F-D600-45B6-8FF0-F1382D5B802D}"
EndProject
Global
	GlobalSection(SolutionConfigurationPlatforms) = preSolution
		Debug|Any CPU = Debug|Any CPU
		Release|Any CPU = Release|Any CPU
	EndGlobalSection
	GlobalSection(ProjectConfigurationPlatforms) = postSolution
		{7AA4A193-A658-40B2-9220-6E9EC4D4F195}.Debug|Any CPU.ActiveCfg = Debug|Any CPU
		{7AA4A193-A658-40B2-9220-6E9EC4D4F195}.Debug|Any CPU.Build.0 = Debug|Any CPU
		{7AA4A193-A658-40B2-9220-6E9EC4D4F195}.Release|Any CPU.ActiveCfg = Release|Any CPU
		{7AA4A193-A658-40B2-9220-6E9EC4D4F195}.Release|Any CPU.Build.0 = Release|Any CPU
		{C396D92F-D600-45B6-8FF0-F1382D5B802D}.Debug|Any CPU.ActiveCfg = Debug|Any CPU
		{C396D92F-D600-45B6-8FF0-F1382D5B802D}.Debug|Any CPU.Build.0 = Debug|Any CPU
		{C396D92F-D600-45B6-8FF0-F1382D5B802D}.Release|Any CPU.ActiveCfg = Release|Any CPU
		{C396D92F-D600-45B6-8FF0-F1382D5B802D}.Release|Any CPU.Build.0 = Release|Any CPU
	EndGlobalSection
EndGlobal
